
Microsoft Visual Studio Solution File, Format Version 12.00
# Visual Studio Version 17
VisualStudioVersion = 17.9.34607.119
MinimumVisualStudioVersion = 10.0.40219.1
Project("{9A19103F-16F7-4668-BE54-9A1E7A4F7556}") = "BlazGlobal", "BlazGlobal\BlazGlobal\BlazGlobal.csproj", "{897C335E-19E4-49AD-B747-7E348F7BC797}"
EndProject
Project("{9A19103F-16F7-4668-BE54-9A1E7A4F7556}") = "BlazGlobal.Client", "BlazGlobal\BlazGlobal.Client\BlazGlobal.Client.csproj", "{7CED99FF-E0D2-4CF7-A6CC-BD9F5A9BDECD}"
EndProject
Project("{9A19103F-16F7-4668-BE54-9A1E7A4F7556}") = "ServiceLayer", "ServiceLayer\ServiceLayer.csproj", "{CDC99065-1606-4CEB-B1D1-7AAF79F0CD82}"
EndProject
Global
	GlobalSection(SolutionConfigurationPlatforms) = preSolution
		Debug|Any CPU = Debug|Any CPU
		Release|Any CPU = Release|Any CPU
	EndGlobalSection
	GlobalSection(ProjectConfigurationPlatforms) = postSolution
		{897C335E-19E4-49AD-B747-7E348F7BC797}.Debug|Any CPU.ActiveCfg = Debug|Any CPU
		{897C335E-19E4-49AD-B747-7E348F7BC797}.Debug|Any CPU.Build.0 = Debug|Any CPU
		{897C335E-19E4-49AD-B747-7E348F7BC797}.Release|Any CPU.ActiveCfg = Release|Any CPU
		{897C335E-19E4-49AD-B747-7E348F7BC797}.Release|Any CPU.Build.0 = Release|Any CPU
		{7CED99FF-E0D2-4CF7-A6CC-BD9F5A9BDECD}.Debug|Any CPU.ActiveCfg = Debug|Any CPU
		{7CED99FF-E0D2-4CF7-A6CC-BD9F5A9BDECD}.Debug|Any CPU.Build.0 = Debug|Any CPU
		{7CED99FF-E0D2-4CF7-A6CC-BD9F5A9BDECD}.Release|Any CPU.ActiveCfg = Release|Any CPU
		{7CED99FF-E0D2-4CF7-A6CC-BD9F5A9BDECD}.Release|Any CPU.Build.0 = Release|Any CPU
		{CDC99065-1606-4CEB-B1D1-7AAF79F0CD82}.Debug|Any CPU.ActiveCfg = Debug|Any CPU
		{CDC99065-1606-4CEB-B1D1-7AAF79F0CD82}.Debug|Any CPU.Build.0 = Debug|Any CPU
		{CDC99065-1606-4CEB-B1D1-7AAF79F0CD82}.Release|Any CPU.ActiveCfg = Release|Any CPU
		{CDC99065-1606-4CEB-B1D1-7AAF79F0CD82}.Release|Any CPU.Build.0 = Release|Any CPU
	EndGlobalSection
	GlobalSection(SolutionProperties) = preSolution
		HideSolutionNode = FALSE
	EndGlobalSection
	GlobalSection(ExtensibilityGlobals) = postSolution
		SolutionGuid = {CE8BEB3B-EA55-4415-AD27-07474DFF4F05}
	EndGlobalSection
EndGlobal
